# THIS IS AN AUTOGENERATED FILE. DO NOT EDIT THIS FILE DIRECTLY.
# yarn lockfile v1


"@remix-run/router@1.11.0":
  version "1.11.0"
  resolved "https://registry.yarnpkg.com/@remix-run/router/-/router-1.11.0.tgz#e0e45ac3fff9d8a126916f166809825537e9f955"
  integrity sha512-BHdhcWgeiudl91HvVa2wxqZjSHbheSgIiDvxrF1VjFzBzpTtuDPkOdOi3Iqvc08kXtFkLjhbS+ML9aM8mJS+wQ==

react-router-dom@^6.18.0:
  version "6.18.0"
  resolved "https://registry.yarnpkg.com/react-router-dom/-/react-router-dom-6.18.0.tgz#0a50c167209d6e7bd2ed9de200a6579ea4fb1dca"
  integrity sha512-Ubrue4+Ercc/BoDkFQfc6og5zRQ4A8YxSO3Knsne+eRbZ+IepAsK249XBH/XaFuOYOYr3L3r13CXTLvYt5JDjw==
  dependencies:
    "@remix-run/router" "1.11.0"
    react-router "6.18.0"

react-router@6.18.0:
  version "6.18.0"
  resolved "https://registry.yarnpkg.com/react-router/-/react-router-6.18.0.tgz#32e2bedc318e095a48763b5ed7758e54034cd36a"
  integrity sha512-vk2y7Dsy8wI02eRRaRmOs9g2o+aE72YCx5q9VasT1N9v+lrdB79tIqrjMfByHiY5+6aYkH2rUa5X839nwWGPDg==
  dependencies:
    "@remix-run/router" "1.11.0"
